
Microsoft Visual Studio Solution File, Format Version 12.00
# Visual Studio Version 16
VisualStudioVersion = 16.0.32228.343
MinimumVisualStudioVersion = 10.0.40219.1
Project("{FAE04EC0-301F-11D3-BF4B-00C04F79EFBC}") = "MVCproject", "MVCproject\MVCproject.csproj", "{8FAEFBA8-7CA3-40D8-8578-BA8DCEE3A3CB}"
EndProject
Global
	GlobalSection(SolutionConfigurationPlatforms) = preSolution
		Debug|Any CPU = Debug|Any CPU
		Release|Any CPU = Release|Any CPU
	EndGlobalSection
	GlobalSection(ProjectConfigurationPlatforms) = postSolution
		{8FAEFBA8-7CA3-40D8-8578-BA8DCEE3A3CB}.Debug|Any CPU.ActiveCfg = Debug|Any CPU
		{8FAEFBA8-7CA3-40D8-8578-BA8DCEE3A3CB}.Debug|Any CPU.Build.0 = Debug|Any CPU
		{8FAEFBA8-7CA3-40D8-8578-BA8DCEE3A3CB}.Release|Any CPU.ActiveCfg = Release|Any CPU
		{8FAEFBA8-7CA3-40D8-8578-BA8DCEE3A3CB}.Release|Any CPU.Build.0 = Release|Any CPU
	EndGlobalSection
	GlobalSection(SolutionProperties) = preSolution
		HideSolutionNode = FALSE
	EndGlobalSection
	GlobalSection(ExtensibilityGlobals) = postSolution
		SolutionGuid = {47124FC5-50CB-458B-9AAA-7888AA6AE31D}
	EndGlobalSection
EndGlobal
